// !$*UTF8*$!
{
	archiveVersion = 1;
	classes = {
	};
	objectVersion = 55;
	objects = {

/* Begin PBXBuildFile section */
		DB261E78286C4D150086D9B9 /* GameView_iPhone.swift in Sources */ = {isa = PBXBuildFile; fileRef = DB261E77286C4D150086D9B9 /* GameView_iPhone.swift */; };
		DB28BF98282FB13000A3BFBD /* DeckPickerView.swift in Sources */ = {isa = PBXBuildFile; fileRef = DB28BF97282FB13000A3BFBD /* DeckPickerView.swift */; };
		DB28BF9A282FCEE300A3BFBD /* DeckPickerViewModel.swift in Sources */ = {isa = PBXBuildFile; fileRef = DB28BF99282FCEE300A3BFBD /* DeckPickerViewModel.swift */; };
		DB28BF9C28301DBD00A3BFBD /* HordeAppViewModel.swift in Sources */ = {isa = PBXBuildFile; fileRef = DB28BF9B28301DBD00A3BFBD /* HordeAppViewModel.swift */; };
		DB46EC86288ADB2600781CB1 /* Zombie.txt in Resources */ = {isa = PBXBuildFile; fileRef = DB46EC85288ADB2600781CB1 /* Zombie.txt */; };
		DB46EC8C288ADCCD00781CB1 /* Sliver.txt in Resources */ = {isa = PBXBuildFile; fileRef = DB46EC8B288ADCCD00781CB1 /* Sliver.txt */; };
		DB46EC8E288ADCD700781CB1 /* Nature.txt in Resources */ = {isa = PBXBuildFile; fileRef = DB46EC8D288ADCD700781CB1 /* Nature.txt */; };
		DB46EC90288ADCE400781CB1 /* Dinosaur.txt in Resources */ = {isa = PBXBuildFile; fileRef = DB46EC8F288ADCE400781CB1 /* Dinosaur.txt */; };
		DB46EC92288ADCF000781CB1 /* Phyrexian.txt in Resources */ = {isa = PBXBuildFile; fileRef = DB46EC91288ADCF000781CB1 /* Phyrexian.txt */; };
		DB46EC94288AE23B00781CB1 /* Human.txt in Resources */ = {isa = PBXBuildFile; fileRef = DB46EC93288AE23B00781CB1 /* Human.txt */; };
		DB46EC96288C1C1900781CB1 /* LifePointsView.swift in Sources */ = {isa = PBXBuildFile; fileRef = DB46EC95288C1C1900781CB1 /* LifePointsView.swift */; };
		DB46EC98288DDF6F00781CB1 /* DeckEditorView_iPhone.swift in Sources */ = {isa = PBXBuildFile; fileRef = DB46EC97288DDF6F00781CB1 /* DeckEditorView_iPhone.swift */; };
		DB491D0B287C3E04001826E1 /* DeckEditorView.swift in Sources */ = {isa = PBXBuildFile; fileRef = DB491D0A287C3E04001826E1 /* DeckEditorView.swift */; };
		DB491D0D287C4415001826E1 /* DeckEditorViewModel.swift in Sources */ = {isa = PBXBuildFile; fileRef = DB491D0C287C4415001826E1 /* DeckEditorViewModel.swift */; };
		DB491D0F287C8350001826E1 /* ScryfallQuerry.swift in Sources */ = {isa = PBXBuildFile; fileRef = DB491D0E287C8350001826E1 /* ScryfallQuerry.swift */; };
		DB4C2C2728F83225003E2646 /* GameView_Extensions.swift in Sources */ = {isa = PBXBuildFile; fileRef = DB4C2C2628F83225003E2646 /* GameView_Extensions.swift */; };
		DB532721288EE1A70039DFEA /* IAPManager.swift in Sources */ = {isa = PBXBuildFile; fileRef = DB532720288EE1A70039DFEA /* IAPManager.swift */; };
		DB532724288EE5430039DFEA /* StoreKit.framework in Frameworks */ = {isa = PBXBuildFile; fileRef = DB532723288EE5430039DFEA /* StoreKit.framework */; };
		DB8C829728280289003DDED1 /* HordeApp.swift in Sources */ = {isa = PBXBuildFile; fileRef = DB8C829628280289003DDED1 /* HordeApp.swift */; };
		DB8C829928280289003DDED1 /* GameView.swift in Sources */ = {isa = PBXBuildFile; fileRef = DB8C829828280289003DDED1 /* GameView.swift */; };
		DB8C829B2828028B003DDED1 /* Assets.xcassets in Resources */ = {isa = PBXBuildFile; fileRef = DB8C829A2828028B003DDED1 /* Assets.xcassets */; };
		DB8C829E2828028B003DDED1 /* Preview Assets.xcassets in Resources */ = {isa = PBXBuildFile; fileRef = DB8C829D2828028B003DDED1 /* Preview Assets.xcassets */; };
		DB8C82A528280349003DDED1 /* Card+Deck.swift in Sources */ = {isa = PBXBuildFile; fileRef = DB8C82A428280349003DDED1 /* Card+Deck.swift */; };
		DB8C82A7282804EB003DDED1 /* GameViewModel.swift in Sources */ = {isa = PBXBuildFile; fileRef = DB8C82A6282804EB003DDED1 /* GameViewModel.swift */; };
		DB97BC1A282A6783001A216C /* DownloadManager.swift in Sources */ = {isa = PBXBuildFile; fileRef = DB97BC19282A6783001A216C /* DownloadManager.swift */; };
		DB97BC1C282A8318001A216C /* DeckManager.swift in Sources */ = {isa = PBXBuildFile; fileRef = DB97BC1B282A8318001A216C /* DeckManager.swift */; };
		DB97BC1E282AEA5C001A216C /* Extensions.swift in Sources */ = {isa = PBXBuildFile; fileRef = DB97BC1D282AEA5C001A216C /* Extensions.swift */; };
		DBA48CB228846CC3002F18A1 /* DeckEditorInfoView.swift in Sources */ = {isa = PBXBuildFile; fileRef = DBA48CB128846CC3002F18A1 /* DeckEditorInfoView.swift */; };
		DBAEBC792833D1BB00E9137F /* MenuView.swift in Sources */ = {isa = PBXBuildFile; fileRef = DBAEBC782833D1BB00E9137F /* MenuView.swift */; };
		DBAEBC7B2844C56300E9137F /* GameIntroView.swift in Sources */ = {isa = PBXBuildFile; fileRef = DBAEBC7A2844C56300E9137F /* GameIntroView.swift */; };
		DBC732322895C49A006834B1 /* Eldrazi.txt in Resources */ = {isa = PBXBuildFile; fileRef = DBC732312895C49A006834B1 /* Eldrazi.txt */; };
/* End PBXBuildFile section */

/* Begin PBXFileReference section */
		DB261E77286C4D150086D9B9 /* GameView_iPhone.swift */ = {isa = PBXFileReference; lastKnownFileType = sourcecode.swift; path = GameView_iPhone.swift; sourceTree = "<group>"; };
		DB28BF97282FB13000A3BFBD /* DeckPickerView.swift */ = {isa = PBXFileReference; lastKnownFileType = sourcecode.swift; path = DeckPickerView.swift; sourceTree = "<group>"; };
		DB28BF99282FCEE300A3BFBD /* DeckPickerViewModel.swift */ = {isa = PBXFileReference; lastKnownFileType = sourcecode.swift; path = DeckPickerViewModel.swift; sourceTree = "<group>"; };
		DB28BF9B28301DBD00A3BFBD /* HordeAppViewModel.swift */ = {isa = PBXFileReference; lastKnownFileType = sourcecode.swift; path = HordeAppViewModel.swift; sourceTree = "<group>"; };
		DB46EC85288ADB2600781CB1 /* Zombie.txt */ = {isa = PBXFileReference; lastKnownFileType = text; path = Zombie.txt; sourceTree = "<group>"; };
		DB46EC8B288ADCCD00781CB1 /* Sliver.txt */ = {isa = PBXFileReference; lastKnownFileType = text; path = Sliver.txt; sourceTree = "<group>"; };
		DB46EC8D288ADCD700781CB1 /* Nature.txt */ = {isa = PBXFileReference; lastKnownFileType = text; path = Nature.txt; sourceTree = "<group>"; };
		DB46EC8F288ADCE400781CB1 /* Dinosaur.txt */ = {isa = PBXFileReference; lastKnownFileType = text; path = Dinosaur.txt; sourceTree = "<group>"; };
		DB46EC91288ADCF000781CB1 /* Phyrexian.txt */ = {isa = PBXFileReference; lastKnownFileType = text; path = Phyrexian.txt; sourceTree = "<group>"; };
		DB46EC93288AE23B00781CB1 /* Human.txt */ = {isa = PBXFileReference; lastKnownFileType = text; path = Human.txt; sourceTree = "<group>"; };
		DB46EC95288C1C1900781CB1 /* LifePointsView.swift */ = {isa = PBXFileReference; lastKnownFileType = sourcecode.swift; path = LifePointsView.swift; sourceTree = "<group>"; };
		DB46EC97288DDF6F00781CB1 /* DeckEditorView_iPhone.swift */ = {isa = PBXFileReference; lastKnownFileType = sourcecode.swift; path = DeckEditorView_iPhone.swift; sourceTree = "<group>"; };
		DB491D0A287C3E04001826E1 /* DeckEditorView.swift */ = {isa = PBXFileReference; lastKnownFileType = sourcecode.swift; path = DeckEditorView.swift; sourceTree = "<group>"; };
		DB491D0C287C4415001826E1 /* DeckEditorViewModel.swift */ = {isa = PBXFileReference; lastKnownFileType = sourcecode.swift; path = DeckEditorViewModel.swift; sourceTree = "<group>"; };
		DB491D0E287C8350001826E1 /* ScryfallQuerry.swift */ = {isa = PBXFileReference; lastKnownFileType = sourcecode.swift; path = ScryfallQuerry.swift; sourceTree = "<group>"; };
		DB4C2C2628F83225003E2646 /* GameView_Extensions.swift */ = {isa = PBXFileReference; lastKnownFileType = sourcecode.swift; path = GameView_Extensions.swift; sourceTree = "<group>"; };
		DB532720288EE1A70039DFEA /* IAPManager.swift */ = {isa = PBXFileReference; lastKnownFileType = sourcecode.swift; path = IAPManager.swift; sourceTree = "<group>"; };
		DB532723288EE5430039DFEA /* StoreKit.framework */ = {isa = PBXFileReference; lastKnownFileType = wrapper.framework; name = StoreKit.framework; path = System/Library/Frameworks/StoreKit.framework; sourceTree = SDKROOT; };
		DB8C829328280289003DDED1 /* Horde.app */ = {isa = PBXFileReference; explicitFileType = wrapper.application; includeInIndex = 0; path = Horde.app; sourceTree = BUILT_PRODUCTS_DIR; };
		DB8C829628280289003DDED1 /* HordeApp.swift */ = {isa = PBXFileReference; lastKnownFileType = sourcecode.swift; path = HordeApp.swift; sourceTree = "<group>"; };
		DB8C829828280289003DDED1 /* GameView.swift */ = {isa = PBXFileReference; lastKnownFileType = sourcecode.swift; path = GameView.swift; sourceTree = "<group>"; };
		DB8C829A2828028B003DDED1 /* Assets.xcassets */ = {isa = PBXFileReference; lastKnownFileType = folder.assetcatalog; path = Assets.xcassets; sourceTree = "<group>"; };
		DB8C829D2828028B003DDED1 /* Preview Assets.xcassets */ = {isa = PBXFileReference; lastKnownFileType = folder.assetcatalog; path = "Preview Assets.xcassets"; sourceTree = "<group>"; };
		DB8C82A428280349003DDED1 /* Card+Deck.swift */ = {isa = PBXFileReference; lastKnownFileType = sourcecode.swift; path = "Card+Deck.swift"; sourceTree = "<group>"; };
		DB8C82A6282804EB003DDED1 /* GameViewModel.swift */ = {isa = PBXFileReference; lastKnownFileType = sourcecode.swift; path = GameViewModel.swift; sourceTree = "<group>"; };
		DB97BC19282A6783001A216C /* DownloadManager.swift */ = {isa = PBXFileReference; lastKnownFileType = sourcecode.swift; path = DownloadManager.swift; sourceTree = "<group>"; };
		DB97BC1B282A8318001A216C /* DeckManager.swift */ = {isa = PBXFileReference; lastKnownFileType = sourcecode.swift; path = DeckManager.swift; sourceTree = "<group>"; };
		DB97BC1D282AEA5C001A216C /* Extensions.swift */ = {isa = PBXFileReference; lastKnownFileType = sourcecode.swift; path = Extensions.swift; sourceTree = "<group>"; };
		DBA48CB128846CC3002F18A1 /* DeckEditorInfoView.swift */ = {isa = PBXFileReference; lastKnownFileType = sourcecode.swift; path = DeckEditorInfoView.swift; sourceTree = "<group>"; };
		DBAEBC782833D1BB00E9137F /* MenuView.swift */ = {isa = PBXFileReference; lastKnownFileType = sourcecode.swift; path = MenuView.swift; sourceTree = "<group>"; };
		DBAEBC7A2844C56300E9137F /* GameIntroView.swift */ = {isa = PBXFileReference; lastKnownFileType = sourcecode.swift; path = GameIntroView.swift; sourceTree = "<group>"; };
		DBB697422861F6070058D45B /* Info.plist */ = {isa = PBXFileReference; lastKnownFileType = text.plist; path = Info.plist; sourceTree = "<group>"; };
		DBC732312895C49A006834B1 /* Eldrazi.txt */ = {isa = PBXFileReference; lastKnownFileType = text; path = Eldrazi.txt; sourceTree = "<group>"; };
/* End PBXFileReference section */

/* Begin PBXFrameworksBuildPhase section */
		DB8C829028280289003DDED1 /* Frameworks */ = {
			isa = PBXFrameworksBuildPhase;
			buildActionMask = 2147483647;
			files = (
				DB532724288EE5430039DFEA /* StoreKit.framework in Frameworks */,
			);
			runOnlyForDeploymentPostprocessing = 0;
		};
/* End PBXFrameworksBuildPhase section */

/* Begin PBXGroup section */
		DB28BF96282FB10F00A3BFBD /* DeckPicker */ = {
			isa = PBXGroup;
			children = (
				DB28BF97282FB13000A3BFBD /* DeckPickerView.swift */,
				DB28BF99282FCEE300A3BFBD /* DeckPickerViewModel.swift */,
			);
			path = DeckPicker;
			sourceTree = "<group>";
		};
		DB46EC84288ADAF400781CB1 /* StartingDecks */ = {
			isa = PBXGroup;
			children = (
				DB46EC85288ADB2600781CB1 /* Zombie.txt */,
				DB46EC8B288ADCCD00781CB1 /* Sliver.txt */,
				DB46EC8D288ADCD700781CB1 /* Nature.txt */,
				DB46EC8F288ADCE400781CB1 /* Dinosaur.txt */,
				DB46EC91288ADCF000781CB1 /* Phyrexian.txt */,
				DB46EC93288AE23B00781CB1 /* Human.txt */,
				DBC732312895C49A006834B1 /* Eldrazi.txt */,
			);
			path = StartingDecks;
			sourceTree = "<group>";
		};
		DB491D09287C3DEF001826E1 /* DeckEditor */ = {
			isa = PBXGroup;
			children = (
				DBAEBC782833D1BB00E9137F /* MenuView.swift */,
				DB491D0A287C3E04001826E1 /* DeckEditorView.swift */,
				DB491D0C287C4415001826E1 /* DeckEditorViewModel.swift */,
				DB491D0E287C8350001826E1 /* ScryfallQuerry.swift */,
				DBA48CB128846CC3002F18A1 /* DeckEditorInfoView.swift */,
				DB46EC97288DDF6F00781CB1 /* DeckEditorView_iPhone.swift */,
			);
			path = DeckEditor;
			sourceTree = "<group>";
		};
		DB532722288EE5430039DFEA /* Frameworks */ = {
			isa = PBXGroup;
			children = (
				DB532723288EE5430039DFEA /* StoreKit.framework */,
			);
			name = Frameworks;
			sourceTree = "<group>";
		};
		DB8C828A28280289003DDED1 = {
			isa = PBXGroup;
			children = (
				DB8C829528280289003DDED1 /* Horde */,
				DB8C829428280289003DDED1 /* Products */,
				DB532722288EE5430039DFEA /* Frameworks */,
			);
			sourceTree = "<group>";
		};
		DB8C829428280289003DDED1 /* Products */ = {
			isa = PBXGroup;
			children = (
				DB8C829328280289003DDED1 /* Horde.app */,
			);
			name = Products;
			sourceTree = "<group>";
		};
		DB8C829528280289003DDED1 /* Horde */ = {
			isa = PBXGroup;
			children = (
				DB46EC84288ADAF400781CB1 /* StartingDecks */,
				DB8C829628280289003DDED1 /* HordeApp.swift */,
				DB28BF9B28301DBD00A3BFBD /* HordeAppViewModel.swift */,
				DB28BF96282FB10F00A3BFBD /* DeckPicker */,
				DBA48CB0288449CA002F18A1 /* GameView */,
				DB491D09287C3DEF001826E1 /* DeckEditor */,
				DBB697422861F6070058D45B /* Info.plist */,
				DB8C829C2828028B003DDED1 /* Preview Content */,
				DB8C82A428280349003DDED1 /* Card+Deck.swift */,
				DB97BC19282A6783001A216C /* DownloadManager.swift */,
				DB97BC1B282A8318001A216C /* DeckManager.swift */,
				DB97BC1D282AEA5C001A216C /* Extensions.swift */,
				DB8C829A2828028B003DDED1 /* Assets.xcassets */,
				DB532720288EE1A70039DFEA /* IAPManager.swift */,
			);
			path = Horde;
			sourceTree = "<group>";
		};
		DB8C829C2828028B003DDED1 /* Preview Content */ = {
			isa = PBXGroup;
			children = (
				DB8C829D2828028B003DDED1 /* Preview Assets.xcassets */,
			);
			path = "Preview Content";
			sourceTree = "<group>";
		};
		DBA48CB0288449CA002F18A1 /* GameView */ = {
			isa = PBXGroup;
			children = (
				DB8C829828280289003DDED1 /* GameView.swift */,
				DB261E77286C4D150086D9B9 /* GameView_iPhone.swift */,
				DB8C82A6282804EB003DDED1 /* GameViewModel.swift */,
				DBAEBC7A2844C56300E9137F /* GameIntroView.swift */,
				DB46EC95288C1C1900781CB1 /* LifePointsView.swift */,
				DB4C2C2628F83225003E2646 /* GameView_Extensions.swift */,
			);
			path = GameView;
			sourceTree = "<group>";
		};
/* End PBXGroup section */

/* Begin PBXNativeTarget section */
		DB8C829228280289003DDED1 /* Horde */ = {
			isa = PBXNativeTarget;
			buildConfigurationList = DB8C82A12828028B003DDED1 /* Build configuration list for PBXNativeTarget "Horde" */;
			buildPhases = (
				DB8C828F28280289003DDED1 /* Sources */,
				DB8C829028280289003DDED1 /* Frameworks */,
				DB8C829128280289003DDED1 /* Resources */,
			);
			buildRules = (
			);
			dependencies = (
			);
			name = Horde;
			productName = Horde;
			productReference = DB8C829328280289003DDED1 /* Horde.app */;
			productType = "com.apple.product-type.application";
		};
/* End PBXNativeTarget section */

/* Begin PBXProject section */
		DB8C828B28280289003DDED1 /* Project object */ = {
			isa = PBXProject;
			attributes = {
				BuildIndependentTargetsInParallel = 1;
				LastSwiftUpdateCheck = 1330;
				LastUpgradeCheck = 1330;
				TargetAttributes = {
					DB8C829228280289003DDED1 = {
						CreatedOnToolsVersion = 13.3.1;
					};
				};
			};
			buildConfigurationList = DB8C828E28280289003DDED1 /* Build configuration list for PBXProject "Horde" */;
			compatibilityVersion = "Xcode 13.0";
			developmentRegion = en;
			hasScannedForEncodings = 0;
			knownRegions = (
				en,
				Base,
			);
			mainGroup = DB8C828A28280289003DDED1;
			productRefGroup = DB8C829428280289003DDED1 /* Products */;
			projectDirPath = "";
			projectRoot = "";
			targets = (
				DB8C829228280289003DDED1 /* Horde */,
			);
		};
/* End PBXProject section */

/* Begin PBXResourcesBuildPhase section */
		DB8C829128280289003DDED1 /* Resources */ = {
			isa = PBXResourcesBuildPhase;
			buildActionMask = 2147483647;
			files = (
				DB46EC94288AE23B00781CB1 /* Human.txt in Resources */,
				DB46EC8C288ADCCD00781CB1 /* Sliver.txt in Resources */,
				DB46EC92288ADCF000781CB1 /* Phyrexian.txt in Resources */,
				DB46EC86288ADB2600781CB1 /* Zombie.txt in Resources */,
				DB8C829E2828028B003DDED1 /* Preview Assets.xcassets in Resources */,
				DB8C829B2828028B003DDED1 /* Assets.xcassets in Resources */,
				DBC732322895C49A006834B1 /* Eldrazi.txt in Resources */,
				DB46EC90288ADCE400781CB1 /* Dinosaur.txt in Resources */,
				DB46EC8E288ADCD700781CB1 /* Nature.txt in Resources */,
			);
			runOnlyForDeploymentPostprocessing = 0;
		};
/* End PBXResourcesBuildPhase section */

/* Begin PBXSourcesBuildPhase section */
		DB8C828F28280289003DDED1 /* Sources */ = {
			isa = PBXSourcesBuildPhase;
			buildActionMask = 2147483647;
			files = (
				DB261E78286C4D150086D9B9 /* GameView_iPhone.swift in Sources */,
				DB8C82A7282804EB003DDED1 /* GameViewModel.swift in Sources */,
				DB491D0D287C4415001826E1 /* DeckEditorViewModel.swift in Sources */,
				DB4C2C2728F83225003E2646 /* GameView_Extensions.swift in Sources */,
				DB97BC1A282A6783001A216C /* DownloadManager.swift in Sources */,
				DB8C829928280289003DDED1 /* GameView.swift in Sources */,
				DBAEBC7B2844C56300E9137F /* GameIntroView.swift in Sources */,
				DB46EC98288DDF6F00781CB1 /* DeckEditorView_iPhone.swift in Sources */,
				DB8C829728280289003DDED1 /* HordeApp.swift in Sources */,
				DB491D0F287C8350001826E1 /* ScryfallQuerry.swift in Sources */,
				DB491D0B287C3E04001826E1 /* DeckEditorView.swift in Sources */,
				DB97BC1C282A8318001A216C /* DeckManager.swift in Sources */,
				DB8C82A528280349003DDED1 /* Card+Deck.swift in Sources */,
				DB97BC1E282AEA5C001A216C /* Extensions.swift in Sources */,
				DBAEBC792833D1BB00E9137F /* MenuView.swift in Sources */,
				DB532721288EE1A70039DFEA /* IAPManager.swift in Sources */,
				DB28BF9C28301DBD00A3BFBD /* HordeAppViewModel.swift in Sources */,
				DB28BF98282FB13000A3BFBD /* DeckPickerView.swift in Sources */,
				DB46EC96288C1C1900781CB1 /* LifePointsView.swift in Sources */,
				DB28BF9A282FCEE300A3BFBD /* DeckPickerViewModel.swift in Sources */,
				DBA48CB228846CC3002F18A1 /* DeckEditorInfoView.swift in Sources */,
			);
			runOnlyForDeploymentPostprocessing = 0;
		};
/* End PBXSourcesBuildPhase section */

/* Begin XCBuildConfiguration section */
		DB8C829F2828028B003DDED1 /* Debug */ = {
			isa = XCBuildConfiguration;
			buildSettings = {
				ALWAYS_SEARCH_USER_PATHS = NO;
				CLANG_ANALYZER_NONNULL = YES;
				CLANG_ANALYZER_NUMBER_OBJECT_CONVERSION = YES_AGGRESSIVE;
				CLANG_CXX_LANGUAGE_STANDARD = "gnu++17";
				CLANG_ENABLE_MODULES = YES;
				CLANG_ENABLE_OBJC_ARC = YES;
				CLANG_ENABLE_OBJC_WEAK = YES;
				CLANG_WARN_BLOCK_CAPTURE_AUTORELEASING = YES;
				CLANG_WARN_BOOL_CONVERSION = YES;
				CLANG_WARN_COMMA = YES;
				CLANG_WARN_CONSTANT_CONVERSION = YES;
				CLANG_WARN_DEPRECATED_OBJC_IMPLEMENTATIONS = YES;
				CLANG_WARN_DIRECT_OBJC_ISA_USAGE = YES_ERROR;
				CLANG_WARN_DOCUMENTATION_COMMENTS = YES;
				CLANG_WARN_EMPTY_BODY = YES;
				CLANG_WARN_ENUM_CONVERSION = YES;
				CLANG_WARN_INFINITE_RECURSION = YES;
				CLANG_WARN_INT_CONVERSION = YES;
				CLANG_WARN_NON_LITERAL_NULL_CONVERSION = YES;
				CLANG_WARN_OBJC_IMPLICIT_RETAIN_SELF = YES;
				CLANG_WARN_OBJC_LITERAL_CONVERSION = YES;
				CLANG_WARN_OBJC_ROOT_CLASS = YES_ERROR;
				CLANG_WARN_QUOTED_INCLUDE_IN_FRAMEWORK_HEADER = YES;
				CLANG_WARN_RANGE_LOOP_ANALYSIS = YES;
				CLANG_WARN_STRICT_PROTOTYPES = YES;
				CLANG_WARN_SUSPICIOUS_MOVE = YES;
				CLANG_WARN_UNGUARDED_AVAILABILITY = YES_AGGRESSIVE;
				CLANG_WARN_UNREACHABLE_CODE = YES;
				CLANG_WARN__DUPLICATE_METHOD_MATCH = YES;
				COPY_PHASE_STRIP = NO;
				DEBUG_INFORMATION_FORMAT = dwarf;
				ENABLE_STRICT_OBJC_MSGSEND = YES;
				ENABLE_TESTABILITY = YES;
				GCC_C_LANGUAGE_STANDARD = gnu11;
				GCC_DYNAMIC_NO_PIC = NO;
				GCC_NO_COMMON_BLOCKS = YES;
				GCC_OPTIMIZATION_LEVEL = 0;
				GCC_PREPROCESSOR_DEFINITIONS = (
					"DEBUG=1",
					"$(inherited)",
				);
				GCC_WARN_64_TO_32_BIT_CONVERSION = YES;
				GCC_WARN_ABOUT_RETURN_TYPE = YES_ERROR;
				GCC_WARN_UNDECLARED_SELECTOR = YES;
				GCC_WARN_UNINITIALIZED_AUTOS = YES_AGGRESSIVE;
				GCC_WARN_UNUSED_FUNCTION = YES;
				GCC_WARN_UNUSED_VARIABLE = YES;
				IPHONEOS_DEPLOYMENT_TARGET = 14.0;
				MTL_ENABLE_DEBUG_INFO = INCLUDE_SOURCE;
				MTL_FAST_MATH = YES;
				ONLY_ACTIVE_ARCH = YES;
				SDKROOT = iphoneos;
				SWIFT_ACTIVE_COMPILATION_CONDITIONS = DEBUG;
				SWIFT_OPTIMIZATION_LEVEL = "-Onone";
			};
			name = Debug;
		};
		DB8C82A02828028B003DDED1 /* Release */ = {
			isa = XCBuildConfiguration;
			buildSettings = {
				ALWAYS_SEARCH_USER_PATHS = NO;
				CLANG_ANALYZER_NONNULL = YES;
				CLANG_ANALYZER_NUMBER_OBJECT_CONVERSION = YES_AGGRESSIVE;
				CLANG_CXX_LANGUAGE_STANDARD = "gnu++17";
				CLANG_ENABLE_MODULES = YES;
				CLANG_ENABLE_OBJC_ARC = YES;
				CLANG_ENABLE_OBJC_WEAK = YES;
				CLANG_WARN_BLOCK_CAPTURE_AUTORELEASING = YES;
				CLANG_WARN_BOOL_CONVERSION = YES;
				CLANG_WARN_COMMA = YES;
				CLANG_WARN_CONSTANT_CONVERSION = YES;
				CLANG_WARN_DEPRECATED_OBJC_IMPLEMENTATIONS = YES;
				CLANG_WARN_DIRECT_OBJC_ISA_USAGE = YES_ERROR;
				CLANG_WARN_DOCUMENTATION_COMMENTS = YES;
				CLANG_WARN_EMPTY_BODY = YES;
				CLANG_WARN_ENUM_CONVERSION = YES;
				CLANG_WARN_INFINITE_RECURSION = YES;
				CLANG_WARN_INT_CONVERSION = YES;
				CLANG_WARN_NON_LITERAL_NULL_CONVERSION = YES;
				CLANG_WARN_OBJC_IMPLICIT_RETAIN_SELF = YES;
				CLANG_WARN_OBJC_LITERAL_CONVERSION = YES;
				CLANG_WARN_OBJC_ROOT_CLASS = YES_ERROR;
				CLANG_WARN_QUOTED_INCLUDE_IN_FRAMEWORK_HEADER = YES;
				CLANG_WARN_RANGE_LOOP_ANALYSIS = YES;
				CLANG_WARN_STRICT_PROTOTYPES = YES;
				CLANG_WARN_SUSPICIOUS_MOVE = YES;
				CLANG_WARN_UNGUARDED_AVAILABILITY = YES_AGGRESSIVE;
				CLANG_WARN_UNREACHABLE_CODE = YES;
				CLANG_WARN__DUPLICATE_METHOD_MATCH = YES;
				COPY_PHASE_STRIP = NO;
				DEBUG_INFORMATION_FORMAT = "dwarf-with-dsym";
				ENABLE_NS_ASSERTIONS = NO;
				ENABLE_STRICT_OBJC_MSGSEND = YES;
				GCC_C_LANGUAGE_STANDARD = gnu11;
				GCC_NO_COMMON_BLOCKS = YES;
				GCC_WARN_64_TO_32_BIT_CONVERSION = YES;
				GCC_WARN_ABOUT_RETURN_TYPE = YES_ERROR;
				GCC_WARN_UNDECLARED_SELECTOR = YES;
				GCC_WARN_UNINITIALIZED_AUTOS = YES_AGGRESSIVE;
				GCC_WARN_UNUSED_FUNCTION = YES;
				GCC_WARN_UNUSED_VARIABLE = YES;
				IPHONEOS_DEPLOYMENT_TARGET = 14.0;
				MTL_ENABLE_DEBUG_INFO = NO;
				MTL_FAST_MATH = YES;
				SDKROOT = iphoneos;
				SWIFT_COMPILATION_MODE = wholemodule;
				SWIFT_OPTIMIZATION_LEVEL = "-O";
				VALIDATE_PRODUCT = YES;
			};
			name = Release;
		};
		DB8C82A22828028B003DDED1 /* Debug */ = {
			isa = XCBuildConfiguration;
			buildSettings = {
				ASSETCATALOG_COMPILER_APPICON_NAME = AppIcon;
				ASSETCATALOG_COMPILER_GLOBAL_ACCENT_COLOR_NAME = AccentColor;
				CODE_SIGN_STYLE = Automatic;
				CURRENT_PROJECT_VERSION = 1;
				DEVELOPMENT_ASSET_PATHS = "\"Horde/Preview Content\"";
				DEVELOPMENT_TEAM = RDT93YL76H;
				ENABLE_PREVIEWS = YES;
				GENERATE_INFOPLIST_FILE = YES;
				INFOPLIST_FILE = Horde/Info.plist;
				INFOPLIST_KEY_UIApplicationSupportsIndirectInputEvents = YES;
				INFOPLIST_KEY_UIRequiresFullScreen = YES;
				INFOPLIST_KEY_UIStatusBarHidden = YES;
				INFOPLIST_KEY_UISupportedInterfaceOrientations = "UIInterfaceOrientationLandscapeLeft UIInterfaceOrientationLandscapeRight";
				INFOPLIST_KEY_UISupportedInterfaceOrientations_iPad = "UIInterfaceOrientationLandscapeLeft UIInterfaceOrientationLandscapeRight";
				INFOPLIST_KEY_UISupportedInterfaceOrientations_iPhone = "UIInterfaceOrientationLandscapeLeft UIInterfaceOrientationLandscapeRight";
				IPHONEOS_DEPLOYMENT_TARGET = 14.0;
				LD_RUNPATH_SEARCH_PATHS = (
					"$(inherited)",
					"@executable_path/Frameworks",
				);
				MARKETING_VERSION = 3.1;
				PRODUCT_BUNDLE_IDENTIFIER = BurningBeard.LoicDanjean.HordeMTGiPad;
				PRODUCT_NAME = "$(TARGET_NAME)";
				SWIFT_EMIT_LOC_STRINGS = YES;
				SWIFT_VERSION = 5.0;
				TARGETED_DEVICE_FAMILY = "1,2";
			};
			name = Debug;
		};
		DB8C82A32828028B003DDED1 /* Release */ = {
			isa = XCBuildConfiguration;
			buildSettings = {
				ASSETCATALOG_COMPILER_APPICON_NAME = AppIcon;
				ASSETCATALOG_COMPILER_GLOBAL_ACCENT_COLOR_NAME = AccentColor;
				CODE_SIGN_STYLE = Automatic;
				CURRENT_PROJECT_VERSION = 1;
				DEVELOPMENT_ASSET_PATHS = "\"Horde/Preview Content\"";
				DEVELOPMENT_TEAM = RDT93YL76H;
				ENABLE_PREVIEWS = YES;
				GENERATE_INFOPLIST_FILE = YES;
				INFOPLIST_FILE = Horde/Info.plist;
				INFOPLIST_KEY_UIApplicationSupportsIndirectInputEvents = YES;
				INFOPLIST_KEY_UIRequiresFullScreen = YES;
				INFOPLIST_KEY_UIStatusBarHidden = YES;
				INFOPLIST_KEY_UISupportedInterfaceOrientations = "UIInterfaceOrientationLandscapeLeft UIInterfaceOrientationLandscapeRight";
				INFOPLIST_KEY_UISupportedInterfaceOrientations_iPad = "UIInterfaceOrientationLandscapeLeft UIInterfaceOrientationLandscapeRight";
				INFOPLIST_KEY_UISupportedInterfaceOrientations_iPhone = "UIInterfaceOrientationLandscapeLeft UIInterfaceOrientationLandscapeRight";
				IPHONEOS_DEPLOYMENT_TARGET = 14.0;
				LD_RUNPATH_SEARCH_PATHS = (
					"$(inherited)",
					"@executable_path/Frameworks",
				);
				MARKETING_VERSION = 3.1;
				PRODUCT_BUNDLE_IDENTIFIER = BurningBeard.LoicDanjean.HordeMTGiPad;
				PRODUCT_NAME = "$(TARGET_NAME)";
				SWIFT_EMIT_LOC_STRINGS = YES;
				SWIFT_VERSION = 5.0;
				TARGETED_DEVICE_FAMILY = "1,2";
			};
			name = Release;
		};
/* End XCBuildConfiguration section */

/* Begin XCConfigurationList section */
		DB8C828E28280289003DDED1 /* Build configuration list for PBXProject "Horde" */ = {
			isa = XCConfigurationList;
			buildConfigurations = (
				DB8C829F2828028B003DDED1 /* Debug */,
				DB8C82A02828028B003DDED1 /* Release */,
			);
			defaultConfigurationIsVisible = 0;
			defaultConfigurationName = Release;
		};
		DB8C82A12828028B003DDED1 /* Build configuration list for PBXNativeTarget "Horde" */ = {
			isa = XCConfigurationList;
			buildConfigurations = (
				DB8C82A22828028B003DDED1 /* Debug */,
				DB8C82A32828028B003DDED1 /* Release */,
			);
			defaultConfigurationIsVisible = 0;
			defaultConfigurationName = Release;
		};
/* End XCConfigurationList section */
	};
	rootObject = DB8C828B28280289003DDED1 /* Project object */;
}
